
Microsoft Visual Studio Solution File, Format Version 12.00
# Visual Studio Version 16
VisualStudioVersion = 16.0.29001.49
MinimumVisualStudioVersion = 10.0.40219.1
Project("{FAE04EC0-301F-11D3-BF4B-00C04F79EFBC}") = "Microfono", "Microfono\Microfono.csproj", "{A031F84E-B020-4DA4-98AD-E5E68ACB4FCD}"
EndProject
Global
	GlobalSection(SolutionConfigurationPlatforms) = preSolution
		Debug|Any CPU = Debug|Any CPU
		Release|Any CPU = Release|Any CPU
	EndGlobalSection
	GlobalSection(ProjectConfigurationPlatforms) = postSolution
		{A031F84E-B020-4DA4-98AD-E5E68ACB4FCD}.Debug|Any CPU.ActiveCfg = Debug|Any CPU
		{A031F84E-B020-4DA4-98AD-E5E68ACB4FCD}.Debug|Any CPU.Build.0 = Debug|Any CPU
		{A031F84E-B020-4DA4-98AD-E5E68ACB4FCD}.Release|Any CPU.ActiveCfg = Release|Any CPU
		{A031F84E-B020-4DA4-98AD-E5E68ACB4FCD}.Release|Any CPU.Build.0 = Release|Any CPU
	EndGlobalSection
	GlobalSection(SolutionProperties) = preSolution
		HideSolutionNode = FALSE
	EndGlobalSection
	GlobalSection(ExtensibilityGlobals) = postSolution
		SolutionGuid = {B6EA50AD-A4A2-4F99-AD2E-84FE2EBA114B}
	EndGlobalSection
EndGlobal
